
Microsoft Visual Studio Solution File, Format Version 12.00
# Visual Studio Version 16
VisualStudioVersion = 16.0.31019.35
MinimumVisualStudioVersion = 10.0.40219.1
Project("{9A19103F-16F7-4668-BE54-9A1E7A4F7556}") = "Flights", "Flights.csproj", "{B0B9874A-7C92-4286-A614-FF13C76A6362}"
EndProject
Global
	GlobalSection(SolutionConfigurationPlatforms) = preSolution
		Debug|Any CPU = Debug|Any CPU
		Release|Any CPU = Release|Any CPU
	EndGlobalSection
	GlobalSection(ProjectConfigurationPlatforms) = postSolution
		{B0B9874A-7C92-4286-A614-FF13C76A6362}.Debug|Any CPU.ActiveCfg = Debug|Any CPU
		{B0B9874A-7C92-4286-A614-FF13C76A6362}.Debug|Any CPU.Build.0 = Debug|Any CPU
		{B0B9874A-7C92-4286-A614-FF13C76A6362}.Release|Any CPU.ActiveCfg = Release|Any CPU
		{B0B9874A-7C92-4286-A614-FF13C76A6362}.Release|Any CPU.Build.0 = Release|Any CPU
	EndGlobalSection
	GlobalSection(SolutionProperties) = preSolution
		HideSolutionNode = FALSE
	EndGlobalSection
	GlobalSection(ExtensibilityGlobals) = postSolution
		SolutionGuid = {A9F294AF-0CC7-475B-8F70-C3F0081D7509}
	EndGlobalSection
EndGlobal
