
Microsoft Visual Studio Solution File, Format Version 12.00
# Visual Studio Version 17
VisualStudioVersion = 17.5.33627.172
MinimumVisualStudioVersion = 10.0.40219.1
Project("{9A19103F-16F7-4668-BE54-9A1E7A4F7556}") = "ApiGateway", "..\ApiGateway\ApiGateway.csproj", "{185E65AC-3B37-4F97-BDD1-DEDEDD3A5958}"
EndProject
Project("{9A19103F-16F7-4668-BE54-9A1E7A4F7556}") = "Users", "..\UserService\Users.csproj", "{19A69DC9-C6FB-48CD-9BBE-2F5F68C40956}"
EndProject
Project("{9A19103F-16F7-4668-BE54-9A1E7A4F7556}") = "Accommodation", "..\AccommodationService\Accommodation.csproj", "{0CE7ED2C-D32D-4938-903E-AF5F2AB1C163}"
EndProject
Project("{9A19103F-16F7-4668-BE54-9A1E7A4F7556}") = "ReservationService", "..\ReservationService\ReservationService.csproj", "{F98925FC-A6C5-4A7A-B6DD-F7239BF7358F}"
EndProject
Project("{9A19103F-16F7-4668-BE54-9A1E7A4F7556}") = "RatingService", "RatingService\RatingService.csproj", "{AA141618-B1D3-41B2-800E-A8C63EF1E018}"
EndProject
Global
	GlobalSection(SolutionConfigurationPlatforms) = preSolution
		Debug|Any CPU = Debug|Any CPU
		Release|Any CPU = Release|Any CPU
	EndGlobalSection
	GlobalSection(ProjectConfigurationPlatforms) = postSolution
		{185E65AC-3B37-4F97-BDD1-DEDEDD3A5958}.Debug|Any CPU.ActiveCfg = Debug|Any CPU
		{185E65AC-3B37-4F97-BDD1-DEDEDD3A5958}.Debug|Any CPU.Build.0 = Debug|Any CPU
		{185E65AC-3B37-4F97-BDD1-DEDEDD3A5958}.Release|Any CPU.ActiveCfg = Release|Any CPU
		{185E65AC-3B37-4F97-BDD1-DEDEDD3A5958}.Release|Any CPU.Build.0 = Release|Any CPU
		{19A69DC9-C6FB-48CD-9BBE-2F5F68C40956}.Debug|Any CPU.ActiveCfg = Debug|Any CPU
		{19A69DC9-C6FB-48CD-9BBE-2F5F68C40956}.Debug|Any CPU.Build.0 = Debug|Any CPU
		{19A69DC9-C6FB-48CD-9BBE-2F5F68C40956}.Release|Any CPU.ActiveCfg = Release|Any CPU
		{19A69DC9-C6FB-48CD-9BBE-2F5F68C40956}.Release|Any CPU.Build.0 = Release|Any CPU
		{0CE7ED2C-D32D-4938-903E-AF5F2AB1C163}.Debug|Any CPU.ActiveCfg = Debug|Any CPU
		{0CE7ED2C-D32D-4938-903E-AF5F2AB1C163}.Debug|Any CPU.Build.0 = Debug|Any CPU
		{0CE7ED2C-D32D-4938-903E-AF5F2AB1C163}.Release|Any CPU.ActiveCfg = Release|Any CPU
		{0CE7ED2C-D32D-4938-903E-AF5F2AB1C163}.Release|Any CPU.Build.0 = Release|Any CPU
		{F98925FC-A6C5-4A7A-B6DD-F7239BF7358F}.Debug|Any CPU.ActiveCfg = Debug|Any CPU
		{F98925FC-A6C5-4A7A-B6DD-F7239BF7358F}.Debug|Any CPU.Build.0 = Debug|Any CPU
		{F98925FC-A6C5-4A7A-B6DD-F7239BF7358F}.Release|Any CPU.ActiveCfg = Release|Any CPU
		{F98925FC-A6C5-4A7A-B6DD-F7239BF7358F}.Release|Any CPU.Build.0 = Release|Any CPU
		{AA141618-B1D3-41B2-800E-A8C63EF1E018}.Debug|Any CPU.ActiveCfg = Debug|Any CPU
		{AA141618-B1D3-41B2-800E-A8C63EF1E018}.Debug|Any CPU.Build.0 = Debug|Any CPU
		{AA141618-B1D3-41B2-800E-A8C63EF1E018}.Release|Any CPU.ActiveCfg = Release|Any CPU
		{AA141618-B1D3-41B2-800E-A8C63EF1E018}.Release|Any CPU.Build.0 = Release|Any CPU
	EndGlobalSection
	GlobalSection(SolutionProperties) = preSolution
		HideSolutionNode = FALSE
	EndGlobalSection
	GlobalSection(ExtensibilityGlobals) = postSolution
		SolutionGuid = {0DBB62B1-03DC-46F8-8120-EE468D0339CE}
	EndGlobalSection
EndGlobal
