
Microsoft Visual Studio Solution File, Format Version 12.00
# Visual Studio Version 16
VisualStudioVersion = 16.0.31019.35
MinimumVisualStudioVersion = 10.0.40219.1
Project("{9A19103F-16F7-4668-BE54-9A1E7A4F7556}") = "Accommodation", "AccommodationService\Accommodation.csproj", "{DA6229B6-2FF0-489B-B09B-6C5F7A643B0A}"
EndProject
Project("{9A19103F-16F7-4668-BE54-9A1E7A4F7556}") = "ApiGateway", "ApiGateway\ApiGateway.csproj", "{41D54B09-F097-4D47-BB99-FBCEF4729068}"
EndProject
Project("{9A19103F-16F7-4668-BE54-9A1E7A4F7556}") = "FlightRecommendationService", "FlightRecommendationService\FlightRecommendationService.csproj", "{05C2C14F-586F-408B-8171-651345720E8C}"
EndProject
Project("{9A19103F-16F7-4668-BE54-9A1E7A4F7556}") = "RatingService", "RatingService\RatingService.csproj", "{3623D622-8FB8-4707-AFAF-DCF13E4ECEB2}"
EndProject
Project("{9A19103F-16F7-4668-BE54-9A1E7A4F7556}") = "ReservationService", "ReservationService\ReservationService.csproj", "{30C2D978-0F16-465F-A635-E50A82641FC8}"
EndProject
Project("{9A19103F-16F7-4668-BE54-9A1E7A4F7556}") = "Users", "UserService\Users.csproj", "{4557A8FE-8EE2-4693-9E11-7683773EA037}"
EndProject
Global
	GlobalSection(SolutionConfigurationPlatforms) = preSolution
		Debug|Any CPU = Debug|Any CPU
		Release|Any CPU = Release|Any CPU
	EndGlobalSection
	GlobalSection(ProjectConfigurationPlatforms) = postSolution
		{DA6229B6-2FF0-489B-B09B-6C5F7A643B0A}.Debug|Any CPU.ActiveCfg = Debug|Any CPU
		{DA6229B6-2FF0-489B-B09B-6C5F7A643B0A}.Debug|Any CPU.Build.0 = Debug|Any CPU
		{DA6229B6-2FF0-489B-B09B-6C5F7A643B0A}.Release|Any CPU.ActiveCfg = Release|Any CPU
		{DA6229B6-2FF0-489B-B09B-6C5F7A643B0A}.Release|Any CPU.Build.0 = Release|Any CPU
		{41D54B09-F097-4D47-BB99-FBCEF4729068}.Debug|Any CPU.ActiveCfg = Debug|Any CPU
		{41D54B09-F097-4D47-BB99-FBCEF4729068}.Debug|Any CPU.Build.0 = Debug|Any CPU
		{41D54B09-F097-4D47-BB99-FBCEF4729068}.Release|Any CPU.ActiveCfg = Release|Any CPU
		{41D54B09-F097-4D47-BB99-FBCEF4729068}.Release|Any CPU.Build.0 = Release|Any CPU
		{05C2C14F-586F-408B-8171-651345720E8C}.Debug|Any CPU.ActiveCfg = Debug|Any CPU
		{05C2C14F-586F-408B-8171-651345720E8C}.Debug|Any CPU.Build.0 = Debug|Any CPU
		{05C2C14F-586F-408B-8171-651345720E8C}.Release|Any CPU.ActiveCfg = Release|Any CPU
		{05C2C14F-586F-408B-8171-651345720E8C}.Release|Any CPU.Build.0 = Release|Any CPU
		{3623D622-8FB8-4707-AFAF-DCF13E4ECEB2}.Debug|Any CPU.ActiveCfg = Debug|Any CPU
		{3623D622-8FB8-4707-AFAF-DCF13E4ECEB2}.Debug|Any CPU.Build.0 = Debug|Any CPU
		{3623D622-8FB8-4707-AFAF-DCF13E4ECEB2}.Release|Any CPU.ActiveCfg = Release|Any CPU
		{3623D622-8FB8-4707-AFAF-DCF13E4ECEB2}.Release|Any CPU.Build.0 = Release|Any CPU
		{30C2D978-0F16-465F-A635-E50A82641FC8}.Debug|Any CPU.ActiveCfg = Debug|Any CPU
		{30C2D978-0F16-465F-A635-E50A82641FC8}.Debug|Any CPU.Build.0 = Debug|Any CPU
		{30C2D978-0F16-465F-A635-E50A82641FC8}.Release|Any CPU.ActiveCfg = Release|Any CPU
		{30C2D978-0F16-465F-A635-E50A82641FC8}.Release|Any CPU.Build.0 = Release|Any CPU
		{4557A8FE-8EE2-4693-9E11-7683773EA037}.Debug|Any CPU.ActiveCfg = Debug|Any CPU
		{4557A8FE-8EE2-4693-9E11-7683773EA037}.Debug|Any CPU.Build.0 = Debug|Any CPU
		{4557A8FE-8EE2-4693-9E11-7683773EA037}.Release|Any CPU.ActiveCfg = Release|Any CPU
		{4557A8FE-8EE2-4693-9E11-7683773EA037}.Release|Any CPU.Build.0 = Release|Any CPU
	EndGlobalSection
	GlobalSection(SolutionProperties) = preSolution
		HideSolutionNode = FALSE
	EndGlobalSection
	GlobalSection(ExtensibilityGlobals) = postSolution
		SolutionGuid = {0DBB62B1-03DC-46F8-8120-EE468D0339CE}
	EndGlobalSection
EndGlobal
